// !$*UTF8*$!
{
	archiveVersion = 1;
	classes = {
	};
	objectVersion = 55;
	objects = {

/* Begin PBXBuildFile section */
		7F438980287CF9310041A3E5 /* ListView.swift in Sources */ = {isa = PBXBuildFile; fileRef = 7F43897F287CF9310041A3E5 /* ListView.swift */; };
		7F438982287D0FE20041A3E5 /* TitleView.swift in Sources */ = {isa = PBXBuildFile; fileRef = 7F438981287D0FE20041A3E5 /* TitleView.swift */; };
		7FA2C650287C4DC100CEE77E /* Combine2App.swift in Sources */ = {isa = PBXBuildFile; fileRef = 7FA2C64F287C4DC100CEE77E /* Combine2App.swift */; };
		7FA2C652287C4DC100CEE77E /* ContentView.swift in Sources */ = {isa = PBXBuildFile; fileRef = 7FA2C651287C4DC100CEE77E /* ContentView.swift */; };
		7FA2C654287C4DC500CEE77E /* Assets.xcassets in Resources */ = {isa = PBXBuildFile; fileRef = 7FA2C653287C4DC500CEE77E /* Assets.xcassets */; };
		7FA2C657287C4DC500CEE77E /* Preview Assets.xcassets in Resources */ = {isa = PBXBuildFile; fileRef = 7FA2C656287C4DC500CEE77E /* Preview Assets.xcassets */; };
		7FA2C65E287C4DDB00CEE77E /* ViewModel.swift in Sources */ = {isa = PBXBuildFile; fileRef = 7FA2C65D287C4DDB00CEE77E /* ViewModel.swift */; };
		7FA2C660287C4DE700CEE77E /* Model.swift in Sources */ = {isa = PBXBuildFile; fileRef = 7FA2C65F287C4DE700CEE77E /* Model.swift */; };
		7FA2C664287C4E0800CEE77E /* HomeView.swift in Sources */ = {isa = PBXBuildFile; fileRef = 7FA2C663287C4E0800CEE77E /* HomeView.swift */; };
/* End PBXBuildFile section */

/* Begin PBXFileReference section */
		7F43897F287CF9310041A3E5 /* ListView.swift */ = {isa = PBXFileReference; lastKnownFileType = sourcecode.swift; path = ListView.swift; sourceTree = "<group>"; };
		7F438981287D0FE20041A3E5 /* TitleView.swift */ = {isa = PBXFileReference; lastKnownFileType = sourcecode.swift; path = TitleView.swift; sourceTree = "<group>"; };
		7FA2C64C287C4DC100CEE77E /* Combine2.app */ = {isa = PBXFileReference; explicitFileType = wrapper.application; includeInIndex = 0; path = Combine2.app; sourceTree = BUILT_PRODUCTS_DIR; };
		7FA2C64F287C4DC100CEE77E /* Combine2App.swift */ = {isa = PBXFileReference; lastKnownFileType = sourcecode.swift; path = Combine2App.swift; sourceTree = "<group>"; };
		7FA2C651287C4DC100CEE77E /* ContentView.swift */ = {isa = PBXFileReference; lastKnownFileType = sourcecode.swift; path = ContentView.swift; sourceTree = "<group>"; };
		7FA2C653287C4DC500CEE77E /* Assets.xcassets */ = {isa = PBXFileReference; lastKnownFileType = folder.assetcatalog; path = Assets.xcassets; sourceTree = "<group>"; };
		7FA2C656287C4DC500CEE77E /* Preview Assets.xcassets */ = {isa = PBXFileReference; lastKnownFileType = folder.assetcatalog; path = "Preview Assets.xcassets"; sourceTree = "<group>"; };
		7FA2C65D287C4DDB00CEE77E /* ViewModel.swift */ = {isa = PBXFileReference; lastKnownFileType = sourcecode.swift; path = ViewModel.swift; sourceTree = "<group>"; };
		7FA2C65F287C4DE700CEE77E /* Model.swift */ = {isa = PBXFileReference; lastKnownFileType = sourcecode.swift; path = Model.swift; sourceTree = "<group>"; };
		7FA2C663287C4E0800CEE77E /* HomeView.swift */ = {isa = PBXFileReference; lastKnownFileType = sourcecode.swift; path = HomeView.swift; sourceTree = "<group>"; };
/* End PBXFileReference section */

/* Begin PBXFrameworksBuildPhase section */
		7FA2C649287C4DC100CEE77E /* Frameworks */ = {
			isa = PBXFrameworksBuildPhase;
			buildActionMask = 2147483647;
			files = (
			);
			runOnlyForDeploymentPostprocessing = 0;
		};
/* End PBXFrameworksBuildPhase section */

/* Begin PBXGroup section */
		7FA2C643287C4DC100CEE77E = {
			isa = PBXGroup;
			children = (
				7FA2C64E287C4DC100CEE77E /* Combine2 */,
				7FA2C64D287C4DC100CEE77E /* Products */,
			);
			sourceTree = "<group>";
		};
		7FA2C64D287C4DC100CEE77E /* Products */ = {
			isa = PBXGroup;
			children = (
				7FA2C64C287C4DC100CEE77E /* Combine2.app */,
			);
			name = Products;
			sourceTree = "<group>";
		};
		7FA2C64E287C4DC100CEE77E /* Combine2 */ = {
			isa = PBXGroup;
			children = (
				7FA2C64F287C4DC100CEE77E /* Combine2App.swift */,
				7FA2C651287C4DC100CEE77E /* ContentView.swift */,
				7FA2C65D287C4DDB00CEE77E /* ViewModel.swift */,
				7FA2C65F287C4DE700CEE77E /* Model.swift */,
				7FA2C663287C4E0800CEE77E /* HomeView.swift */,
				7F438981287D0FE20041A3E5 /* TitleView.swift */,
				7F43897F287CF9310041A3E5 /* ListView.swift */,
				7FA2C653287C4DC500CEE77E /* Assets.xcassets */,
				7FA2C655287C4DC500CEE77E /* Preview Content */,
			);
			path = Combine2;
			sourceTree = "<group>";
		};
		7FA2C655287C4DC500CEE77E /* Preview Content */ = {
			isa = PBXGroup;
			children = (
				7FA2C656287C4DC500CEE77E /* Preview Assets.xcassets */,
			);
			path = "Preview Content";
			sourceTree = "<group>";
		};
/* End PBXGroup section */

/* Begin PBXNativeTarget section */
		7FA2C64B287C4DC100CEE77E /* Combine2 */ = {
			isa = PBXNativeTarget;
			buildConfigurationList = 7FA2C65A287C4DC500CEE77E /* Build configuration list for PBXNativeTarget "Combine2" */;
			buildPhases = (
				7FA2C648287C4DC100CEE77E /* Sources */,
				7FA2C649287C4DC100CEE77E /* Frameworks */,
				7FA2C64A287C4DC100CEE77E /* Resources */,
			);
			buildRules = (
			);
			dependencies = (
			);
			name = Combine2;
			productName = Combine2;
			productReference = 7FA2C64C287C4DC100CEE77E /* Combine2.app */;
			productType = "com.apple.product-type.application";
		};
/* End PBXNativeTarget section */

/* Begin PBXProject section */
		7FA2C644287C4DC100CEE77E /* Project object */ = {
			isa = PBXProject;
			attributes = {
				BuildIndependentTargetsInParallel = 1;
				LastSwiftUpdateCheck = 1340;
				LastUpgradeCheck = 1340;
				TargetAttributes = {
					7FA2C64B287C4DC100CEE77E = {
						CreatedOnToolsVersion = 13.4.1;
					};
				};
			};
			buildConfigurationList = 7FA2C647287C4DC100CEE77E /* Build configuration list for PBXProject "Combine2" */;
			compatibilityVersion = "Xcode 13.0";
			developmentRegion = en;
			hasScannedForEncodings = 0;
			knownRegions = (
				en,
				Base,
			);
			mainGroup = 7FA2C643287C4DC100CEE77E;
			productRefGroup = 7FA2C64D287C4DC100CEE77E /* Products */;
			projectDirPath = "";
			projectRoot = "";
			targets = (
				7FA2C64B287C4DC100CEE77E /* Combine2 */,
			);
		};
/* End PBXProject section */

/* Begin PBXResourcesBuildPhase section */
		7FA2C64A287C4DC100CEE77E /* Resources */ = {
			isa = PBXResourcesBuildPhase;
			buildActionMask = 2147483647;
			files = (
				7FA2C657287C4DC500CEE77E /* Preview Assets.xcassets in Resources */,
				7FA2C654287C4DC500CEE77E /* Assets.xcassets in Resources */,
			);
			runOnlyForDeploymentPostprocessing = 0;
		};
/* End PBXResourcesBuildPhase section */

/* Begin PBXSourcesBuildPhase section */
		7FA2C648287C4DC100CEE77E /* Sources */ = {
			isa = PBXSourcesBuildPhase;
			buildActionMask = 2147483647;
			files = (
				7FA2C652287C4DC100CEE77E /* ContentView.swift in Sources */,
				7FA2C65E287C4DDB00CEE77E /* ViewModel.swift in Sources */,
				7F438980287CF9310041A3E5 /* ListView.swift in Sources */,
				7F438982287D0FE20041A3E5 /* TitleView.swift in Sources */,
				7FA2C650287C4DC100CEE77E /* Combine2App.swift in Sources */,
				7FA2C664287C4E0800CEE77E /* HomeView.swift in Sources */,
				7FA2C660287C4DE700CEE77E /* Model.swift in Sources */,
			);
			runOnlyForDeploymentPostprocessing = 0;
		};
/* End PBXSourcesBuildPhase section */

/* Begin XCBuildConfiguration section */
		7FA2C658287C4DC500CEE77E /* Debug */ = {
			isa = XCBuildConfiguration;
			buildSettings = {
				ALWAYS_SEARCH_USER_PATHS = NO;
				CLANG_ANALYZER_NONNULL = YES;
				CLANG_ANALYZER_NUMBER_OBJECT_CONVERSION = YES_AGGRESSIVE;
				CLANG_CXX_LANGUAGE_STANDARD = "gnu++17";
				CLANG_ENABLE_MODULES = YES;
				CLANG_ENABLE_OBJC_ARC = YES;
				CLANG_ENABLE_OBJC_WEAK = YES;
				CLANG_WARN_BLOCK_CAPTURE_AUTORELEASING = YES;
				CLANG_WARN_BOOL_CONVERSION = YES;
				CLANG_WARN_COMMA = YES;
				CLANG_WARN_CONSTANT_CONVERSION = YES;
				CLANG_WARN_DEPRECATED_OBJC_IMPLEMENTATIONS = YES;
				CLANG_WARN_DIRECT_OBJC_ISA_USAGE = YES_ERROR;
				CLANG_WARN_DOCUMENTATION_COMMENTS = YES;
				CLANG_WARN_EMPTY_BODY = YES;
				CLANG_WARN_ENUM_CONVERSION = YES;
				CLANG_WARN_INFINITE_RECURSION = YES;
				CLANG_WARN_INT_CONVERSION = YES;
				CLANG_WARN_NON_LITERAL_NULL_CONVERSION = YES;
				CLANG_WARN_OBJC_IMPLICIT_RETAIN_SELF = YES;
				CLANG_WARN_OBJC_LITERAL_CONVERSION = YES;
				CLANG_WARN_OBJC_ROOT_CLASS = YES_ERROR;
				CLANG_WARN_QUOTED_INCLUDE_IN_FRAMEWORK_HEADER = YES;
				CLANG_WARN_RANGE_LOOP_ANALYSIS = YES;
				CLANG_WARN_STRICT_PROTOTYPES = YES;
				CLANG_WARN_SUSPICIOUS_MOVE = YES;
				CLANG_WARN_UNGUARDED_AVAILABILITY = YES_AGGRESSIVE;
				CLANG_WARN_UNREACHABLE_CODE = YES;
				CLANG_WARN__DUPLICATE_METHOD_MATCH = YES;
				COPY_PHASE_STRIP = NO;
				DEBUG_INFORMATION_FORMAT = dwarf;
				ENABLE_STRICT_OBJC_MSGSEND = YES;
				ENABLE_TESTABILITY = YES;
				GCC_C_LANGUAGE_STANDARD = gnu11;
				GCC_DYNAMIC_NO_PIC = NO;
				GCC_NO_COMMON_BLOCKS = YES;
				GCC_OPTIMIZATION_LEVEL = 0;
				GCC_PREPROCESSOR_DEFINITIONS = (
					"DEBUG=1",
					"$(inherited)",
				);
				GCC_WARN_64_TO_32_BIT_CONVERSION = YES;
				GCC_WARN_ABOUT_RETURN_TYPE = YES_ERROR;
				GCC_WARN_UNDECLARED_SELECTOR = YES;
				GCC_WARN_UNINITIALIZED_AUTOS = YES_AGGRESSIVE;
				GCC_WARN_UNUSED_FUNCTION = YES;
				GCC_WARN_UNUSED_VARIABLE = YES;
				IPHONEOS_DEPLOYMENT_TARGET = 15.5;
				MTL_ENABLE_DEBUG_INFO = INCLUDE_SOURCE;
				MTL_FAST_MATH = YES;
				ONLY_ACTIVE_ARCH = YES;
				SDKROOT = iphoneos;
				SWIFT_ACTIVE_COMPILATION_CONDITIONS = DEBUG;
				SWIFT_OPTIMIZATION_LEVEL = "-Onone";
			};
			name = Debug;
		};
		7FA2C659287C4DC500CEE77E /* Release */ = {
			isa = XCBuildConfiguration;
			buildSettings = {
				ALWAYS_SEARCH_USER_PATHS = NO;
				CLANG_ANALYZER_NONNULL = YES;
				CLANG_ANALYZER_NUMBER_OBJECT_CONVERSION = YES_AGGRESSIVE;
				CLANG_CXX_LANGUAGE_STANDARD = "gnu++17";
				CLANG_ENABLE_MODULES = YES;
				CLANG_ENABLE_OBJC_ARC = YES;
				CLANG_ENABLE_OBJC_WEAK = YES;
				CLANG_WARN_BLOCK_CAPTURE_AUTORELEASING = YES;
				CLANG_WARN_BOOL_CONVERSION = YES;
				CLANG_WARN_COMMA = YES;
				CLANG_WARN_CONSTANT_CONVERSION = YES;
				CLANG_WARN_DEPRECATED_OBJC_IMPLEMENTATIONS = YES;
				CLANG_WARN_DIRECT_OBJC_ISA_USAGE = YES_ERROR;
				CLANG_WARN_DOCUMENTATION_COMMENTS = YES;
				CLANG_WARN_EMPTY_BODY = YES;
				CLANG_WARN_ENUM_CONVERSION = YES;
				CLANG_WARN_INFINITE_RECURSION = YES;
				CLANG_WARN_INT_CONVERSION = YES;
				CLANG_WARN_NON_LITERAL_NULL_CONVERSION = YES;
				CLANG_WARN_OBJC_IMPLICIT_RETAIN_SELF = YES;
				CLANG_WARN_OBJC_LITERAL_CONVERSION = YES;
				CLANG_WARN_OBJC_ROOT_CLASS = YES_ERROR;
				CLANG_WARN_QUOTED_INCLUDE_IN_FRAMEWORK_HEADER = YES;
				CLANG_WARN_RANGE_LOOP_ANALYSIS = YES;
				CLANG_WARN_STRICT_PROTOTYPES = YES;
				CLANG_WARN_SUSPICIOUS_MOVE = YES;
				CLANG_WARN_UNGUARDED_AVAILABILITY = YES_AGGRESSIVE;
				CLANG_WARN_UNREACHABLE_CODE = YES;
				CLANG_WARN__DUPLICATE_METHOD_MATCH = YES;
				COPY_PHASE_STRIP = NO;
				DEBUG_INFORMATION_FORMAT = "dwarf-with-dsym";
				ENABLE_NS_ASSERTIONS = NO;
				ENABLE_STRICT_OBJC_MSGSEND = YES;
				GCC_C_LANGUAGE_STANDARD = gnu11;
				GCC_NO_COMMON_BLOCKS = YES;
				GCC_WARN_64_TO_32_BIT_CONVERSION = YES;
				GCC_WARN_ABOUT_RETURN_TYPE = YES_ERROR;
				GCC_WARN_UNDECLARED_SELECTOR = YES;
				GCC_WARN_UNINITIALIZED_AUTOS = YES_AGGRESSIVE;
				GCC_WARN_UNUSED_FUNCTION = YES;
				GCC_WARN_UNUSED_VARIABLE = YES;
				IPHONEOS_DEPLOYMENT_TARGET = 15.5;
				MTL_ENABLE_DEBUG_INFO = NO;
				MTL_FAST_MATH = YES;
				SDKROOT = iphoneos;
				SWIFT_COMPILATION_MODE = wholemodule;
				SWIFT_OPTIMIZATION_LEVEL = "-O";
				VALIDATE_PRODUCT = YES;
			};
			name = Release;
		};
		7FA2C65B287C4DC500CEE77E /* Debug */ = {
			isa = XCBuildConfiguration;
			buildSettings = {
				ASSETCATALOG_COMPILER_APPICON_NAME = AppIcon;
				ASSETCATALOG_COMPILER_GLOBAL_ACCENT_COLOR_NAME = AccentColor;
				CODE_SIGN_STYLE = Automatic;
				CURRENT_PROJECT_VERSION = 1;
				DEVELOPMENT_ASSET_PATHS = "\"Combine2/Preview Content\"";
				DEVELOPMENT_TEAM = 2956CY34SQ;
				ENABLE_PREVIEWS = YES;
				GENERATE_INFOPLIST_FILE = YES;
				INFOPLIST_KEY_UIApplicationSceneManifest_Generation = YES;
				INFOPLIST_KEY_UIApplicationSupportsIndirectInputEvents = YES;
				INFOPLIST_KEY_UILaunchScreen_Generation = YES;
				INFOPLIST_KEY_UISupportedInterfaceOrientations_iPad = "UIInterfaceOrientationPortrait UIInterfaceOrientationPortraitUpsideDown UIInterfaceOrientationLandscapeLeft UIInterfaceOrientationLandscapeRight";
				INFOPLIST_KEY_UISupportedInterfaceOrientations_iPhone = "UIInterfaceOrientationPortrait UIInterfaceOrientationLandscapeLeft UIInterfaceOrientationLandscapeRight";
				LD_RUNPATH_SEARCH_PATHS = (
					"$(inherited)",
					"@executable_path/Frameworks",
				);
				MARKETING_VERSION = 1.0;
				PRODUCT_BUNDLE_IDENTIFIER = jp.ac.jec.cm.0121.Combine2;
				PRODUCT_NAME = "$(TARGET_NAME)";
				SWIFT_EMIT_LOC_STRINGS = YES;
				SWIFT_VERSION = 5.0;
				TARGETED_DEVICE_FAMILY = "1,2";
			};
			name = Debug;
		};
		7FA2C65C287C4DC500CEE77E /* Release */ = {
			isa = XCBuildConfiguration;
			buildSettings = {
				ASSETCATALOG_COMPILER_APPICON_NAME = AppIcon;
				ASSETCATALOG_COMPILER_GLOBAL_ACCENT_COLOR_NAME = AccentColor;
				CODE_SIGN_STYLE = Automatic;
				CURRENT_PROJECT_VERSION = 1;
				DEVELOPMENT_ASSET_PATHS = "\"Combine2/Preview Content\"";
				DEVELOPMENT_TEAM = 2956CY34SQ;
				ENABLE_PREVIEWS = YES;
				GENERATE_INFOPLIST_FILE = YES;
				INFOPLIST_KEY_UIApplicationSceneManifest_Generation = YES;
				INFOPLIST_KEY_UIApplicationSupportsIndirectInputEvents = YES;
				INFOPLIST_KEY_UILaunchScreen_Generation = YES;
				INFOPLIST_KEY_UISupportedInterfaceOrientations_iPad = "UIInterfaceOrientationPortrait UIInterfaceOrientationPortraitUpsideDown UIInterfaceOrientationLandscapeLeft UIInterfaceOrientationLandscapeRight";
				INFOPLIST_KEY_UISupportedInterfaceOrientations_iPhone = "UIInterfaceOrientationPortrait UIInterfaceOrientationLandscapeLeft UIInterfaceOrientationLandscapeRight";
				LD_RUNPATH_SEARCH_PATHS = (
					"$(inherited)",
					"@executable_path/Frameworks",
				);
				MARKETING_VERSION = 1.0;
				PRODUCT_BUNDLE_IDENTIFIER = jp.ac.jec.cm.0121.Combine2;
				PRODUCT_NAME = "$(TARGET_NAME)";
				SWIFT_EMIT_LOC_STRINGS = YES;
				SWIFT_VERSION = 5.0;
				TARGETED_DEVICE_FAMILY = "1,2";
			};
			name = Release;
		};
/* End XCBuildConfiguration section */

/* Begin XCConfigurationList section */
		7FA2C647287C4DC100CEE77E /* Build configuration list for PBXProject "Combine2" */ = {
			isa = XCConfigurationList;
			buildConfigurations = (
				7FA2C658287C4DC500CEE77E /* Debug */,
				7FA2C659287C4DC500CEE77E /* Release */,
			);
			defaultConfigurationIsVisible = 0;
			defaultConfigurationName = Release;
		};
		7FA2C65A287C4DC500CEE77E /* Build configuration list for PBXNativeTarget "Combine2" */ = {
			isa = XCConfigurationList;
			buildConfigurations = (
				7FA2C65B287C4DC500CEE77E /* Debug */,
				7FA2C65C287C4DC500CEE77E /* Release */,
			);
			defaultConfigurationIsVisible = 0;
			defaultConfigurationName = Release;
		};
/* End XCConfigurationList section */
	};
	rootObject = 7FA2C644287C4DC100CEE77E /* Project object */;
}
